// !$*UTF8*$!
{
	archiveVersion = 1;
	classes = {
	};
	objectVersion = 46;
	objects = {

/* Begin PBXBuildFile section */
		940C0F7E14E008EE00DF9D5E /* Cocoa.framework in Frameworks */ = {isa = PBXBuildFile; fileRef = 94D4D6F7149DB19D00DADCC1 /* Cocoa.framework */; };
		940C0F8414E008EE00DF9D5E /* InfoPlist.strings in Resources */ = {isa = PBXBuildFile; fileRef = 940C0F8214E008EE00DF9D5E /* InfoPlist.strings */; };
		940C0F8714E008EE00DF9D5E /* UnitTest.m in Sources */ = {isa = PBXBuildFile; fileRef = 940C0F8614E008EE00DF9D5E /* UnitTest.m */; };
		940C0FCF14E00A7100DF9D5E /* SenTestingKit.framework in Frameworks */ = {isa = PBXBuildFile; fileRef = 941B5BAD149F008800E75554 /* SenTestingKit.framework */; };
		940C107C14E01E3000DF9D5E /* RegexKitLite.m in Sources */ = {isa = PBXBuildFile; fileRef = 94C2400714DF9FCF00161FAD /* RegexKitLite.m */; };
		940C108014E03AAC00DF9D5E /* libicucore.dylib in Frameworks */ = {isa = PBXBuildFile; fileRef = 940C107F14E03AAC00DF9D5E /* libicucore.dylib */; };
		940C108114E03AED00DF9D5E /* libicucore.dylib in Frameworks */ = {isa = PBXBuildFile; fileRef = 940C107F14E03AAC00DF9D5E /* libicucore.dylib */; };
		94187A891493AD48000F4AD1 /* AIQWeiboAccountView.nib in Resources */ = {isa = PBXBuildFile; fileRef = 94187A881493AD48000F4AD1 /* AIQWeiboAccountView.nib */; };
		94187AE61493BF7B000F4AD1 /* NSData+QBase64.m in Sources */ = {isa = PBXBuildFile; fileRef = 94187AD31493BF7B000F4AD1 /* NSData+QBase64.m */; };
		94187AE71493BF7B000F4AD1 /* NSDictionary+Response.m in Sources */ = {isa = PBXBuildFile; fileRef = 94187AD51493BF7B000F4AD1 /* NSDictionary+Response.m */; };
		94187AE81493BF7B000F4AD1 /* NSMutableURLRequest+Category.m in Sources */ = {isa = PBXBuildFile; fileRef = 94187AD71493BF7B000F4AD1 /* NSMutableURLRequest+Category.m */; };
		94187AE91493BF7B000F4AD1 /* NSString+QEncoding.m in Sources */ = {isa = PBXBuildFile; fileRef = 94187AD91493BF7B000F4AD1 /* NSString+QEncoding.m */; };
		94187AEA1493BF7B000F4AD1 /* NSURL+QAdditions.m in Sources */ = {isa = PBXBuildFile; fileRef = 94187ADB1493BF7B000F4AD1 /* NSURL+QAdditions.m */; };
		94187AEB1493BF7B000F4AD1 /* OAuthURLRequest.m in Sources */ = {isa = PBXBuildFile; fileRef = 94187ADE1493BF7B000F4AD1 /* OAuthURLRequest.m */; };
		94187AEC1493BF7B000F4AD1 /* QOAuthSession.m in Sources */ = {isa = PBXBuildFile; fileRef = 94187AE01493BF7B000F4AD1 /* QOAuthSession.m */; };
		94187AED1493BF7B000F4AD1 /* RSimpleConnection.m in Sources */ = {isa = PBXBuildFile; fileRef = 94187AE31493BF7B000F4AD1 /* RSimpleConnection.m */; };
		94187AEE1493BF7B000F4AD1 /* WeiboEngine.m in Sources */ = {isa = PBXBuildFile; fileRef = 94187AE51493BF7B000F4AD1 /* WeiboEngine.m */; };
		941B5903149EE24200E75554 /* main.m in Sources */ = {isa = PBXBuildFile; fileRef = 941B5902149EE24200E75554 /* main.m */; };
		942FDE59148CACA7007D8EBE /* InfoPlist.strings in Resources */ = {isa = PBXBuildFile; fileRef = 942FDE57148CACA7007D8EBE /* InfoPlist.strings */; };
		942FDEA6148CB6AB007D8EBE /* Adium.framework in Frameworks */ = {isa = PBXBuildFile; fileRef = 942FDEA5148CB6AB007D8EBE /* Adium.framework */; };
		942FDED4148CBA99007D8EBE /* AIQWeiboAccount.m in Sources */ = {isa = PBXBuildFile; fileRef = 942FDED3148CBA99007D8EBE /* AIQWeiboAccount.m */; };
		942FDEFF148CC1FC007D8EBE /* AIQWeiboService.m in Sources */ = {isa = PBXBuildFile; fileRef = 942FDEFE148CC1FC007D8EBE /* AIQWeiboService.m */; };
		942FDF02148CC2B6007D8EBE /* AIQWeiboAccountViewController.m in Sources */ = {isa = PBXBuildFile; fileRef = 942FDF01148CC2B6007D8EBE /* AIQWeiboAccountViewController.m */; };
		942FDF0A148CCC43007D8EBE /* qweibo.png in Resources */ = {isa = PBXBuildFile; fileRef = 942FDF08148CCC43007D8EBE /* qweibo.png */; };
		942FDF0B148CCC43007D8EBE /* qweibo-small.png in Resources */ = {isa = PBXBuildFile; fileRef = 942FDF09148CCC43007D8EBE /* qweibo-small.png */; };
		942FDF0D148CCC8E007D8EBE /* AIUtilities.framework in Frameworks */ = {isa = PBXBuildFile; fileRef = 942FDF0C148CCC8E007D8EBE /* AIUtilities.framework */; };
		9453C8AC14ECC161007ABF7C /* Tweet.m in Sources */ = {isa = PBXBuildFile; fileRef = 9453C8AB14ECC161007ABF7C /* Tweet.m */; };
		9453C8CD14ECC4EF007ABF7C /* QPerson.m in Sources */ = {isa = PBXBuildFile; fileRef = 9453C8CC14ECC4EF007ABF7C /* QPerson.m */; };
		946DC1FE14ED66E60099E00E /* QQEmotions.AdiumEmoticonset in Resources */ = {isa = PBXBuildFile; fileRef = 946DC1FD14ED66E60099E00E /* QQEmotions.AdiumEmoticonset */; };
		94C2401114DF9FCF00161FAD /* RegexKitLite.m in Sources */ = {isa = PBXBuildFile; fileRef = 94C2400714DF9FCF00161FAD /* RegexKitLite.m */; };
		94C7FD91149788400000139D /* AppKit.framework in Frameworks */ = {isa = PBXBuildFile; fileRef = 94C7FD90149788400000139D /* AppKit.framework */; };
		94C7FD93149788400000139D /* Cocoa.framework in Frameworks */ = {isa = PBXBuildFile; fileRef = 94C7FD92149788400000139D /* Cocoa.framework */; };
		94C7FD95149788400000139D /* CoreData.framework in Frameworks */ = {isa = PBXBuildFile; fileRef = 94C7FD94149788400000139D /* CoreData.framework */; };
		94C7FD97149788400000139D /* Foundation.framework in Frameworks */ = {isa = PBXBuildFile; fileRef = 94C7FD96149788400000139D /* Foundation.framework */; };
		94D0321B149DE01300D84221 /* AdiumQWeiboEngine+Helper.m in Sources */ = {isa = PBXBuildFile; fileRef = 94D0321A149DE01300D84221 /* AdiumQWeiboEngine+Helper.m */; };
		94D39FBB148D159700D1A141 /* AIQWeiboReplyWindowController.m in Sources */ = {isa = PBXBuildFile; fileRef = 94D39FBA148D159700D1A141 /* AIQWeiboReplyWindowController.m */; };
		94D39FCA148FB97D00D1A141 /* AIQWeiboPlugin.m in Sources */ = {isa = PBXBuildFile; fileRef = 94D39FC9148FB97200D1A141 /* AIQWeiboPlugin.m */; };
		94D4D68A149CFBEF00DADCC1 /* NSString+Readable.m in Sources */ = {isa = PBXBuildFile; fileRef = 94D4D689149CFBEE00DADCC1 /* NSString+Readable.m */; };
		94DA774314990D920057A291 /* NSObject+SBJSON.m in Sources */ = {isa = PBXBuildFile; fileRef = 94DA773E14990D920057A291 /* NSObject+SBJSON.m */; };
		94DA774414990D920057A291 /* NSString+SBJSON.m in Sources */ = {isa = PBXBuildFile; fileRef = 94DA774014990D920057A291 /* NSString+SBJSON.m */; };
		94DA774514990D920057A291 /* SBJSONScanner.m in Sources */ = {isa = PBXBuildFile; fileRef = 94DA774214990D920057A291 /* SBJSONScanner.m */; };
		94DA7748149910EF0057A291 /* NSData+SBJSON.m in Sources */ = {isa = PBXBuildFile; fileRef = 94DA7747149910EF0057A291 /* NSData+SBJSON.m */; };
		94DD0AD71498FE8700399752 /* AdiumQWeiboEngine.m in Sources */ = {isa = PBXBuildFile; fileRef = 94DD0AD61498FE8700399752 /* AdiumQWeiboEngine.m */; };
/* End PBXBuildFile section */

/* Begin PBXContainerItemProxy section */
		940C0FD014E00A8E00DF9D5E /* PBXContainerItemProxy */ = {
			isa = PBXContainerItemProxy;
			containerPortal = 942FDE42148CACA6007D8EBE /* Project object */;
			proxyType = 1;
			remoteGlobalIDString = 942FDE4A148CACA7007D8EBE;
			remoteInfo = AdiumQWeibo;
		};
/* End PBXContainerItemProxy section */

/* Begin PBXFileReference section */
		940C0F7B14E008ED00DF9D5E /* UnitTest.octest */ = {isa = PBXFileReference; explicitFileType = wrapper.cfbundle; includeInIndex = 0; path = UnitTest.octest; sourceTree = BUILT_PRODUCTS_DIR; };
		940C0F7C14E008EE00DF9D5E /* SenTestingKit.framework */ = {isa = PBXFileReference; lastKnownFileType = wrapper.framework; name = SenTestingKit.framework; path = Library/Frameworks/SenTestingKit.framework; sourceTree = DEVELOPER_DIR; };
		940C0F8114E008EE00DF9D5E /* UnitTest-Info.plist */ = {isa = PBXFileReference; lastKnownFileType = text.plist.xml; path = "UnitTest-Info.plist"; sourceTree = "<group>"; };
		940C0F8314E008EE00DF9D5E /* en */ = {isa = PBXFileReference; lastKnownFileType = text.plist.strings; name = en; path = en.lproj/InfoPlist.strings; sourceTree = "<group>"; };
		940C0F8514E008EE00DF9D5E /* UnitTest.h */ = {isa = PBXFileReference; lastKnownFileType = sourcecode.c.h; path = UnitTest.h; sourceTree = "<group>"; };
		940C0F8614E008EE00DF9D5E /* UnitTest.m */ = {isa = PBXFileReference; lastKnownFileType = sourcecode.c.objc; path = UnitTest.m; sourceTree = "<group>"; };
		940C0F8814E008EE00DF9D5E /* UnitTest-Prefix.pch */ = {isa = PBXFileReference; lastKnownFileType = sourcecode.c.h; path = "UnitTest-Prefix.pch"; sourceTree = "<group>"; };
		940C107F14E03AAC00DF9D5E /* libicucore.dylib */ = {isa = PBXFileReference; lastKnownFileType = "compiled.mach-o.dylib"; name = libicucore.dylib; path = SDKs/MacOSX10.7.sdk/usr/lib/libicucore.dylib; sourceTree = DEVELOPER_DIR; };
		94187A881493AD48000F4AD1 /* AIQWeiboAccountView.nib */ = {isa = PBXFileReference; lastKnownFileType = wrapper.nib; path = AIQWeiboAccountView.nib; sourceTree = "<group>"; };
		94187AD21493BF7B000F4AD1 /* NSData+QBase64.h */ = {isa = PBXFileReference; fileEncoding = 4; lastKnownFileType = sourcecode.c.h; path = "NSData+QBase64.h"; sourceTree = "<group>"; };
		94187AD31493BF7B000F4AD1 /* NSData+QBase64.m */ = {isa = PBXFileReference; fileEncoding = 4; lastKnownFileType = sourcecode.c.objc; path = "NSData+QBase64.m"; sourceTree = "<group>"; };
		94187AD41493BF7B000F4AD1 /* NSDictionary+Response.h */ = {isa = PBXFileReference; fileEncoding = 4; lastKnownFileType = sourcecode.c.h; path = "NSDictionary+Response.h"; sourceTree = "<group>"; };
		94187AD51493BF7B000F4AD1 /* NSDictionary+Response.m */ = {isa = PBXFileReference; fileEncoding = 4; lastKnownFileType = sourcecode.c.objc; path = "NSDictionary+Response.m"; sourceTree = "<group>"; };
		94187AD61493BF7B000F4AD1 /* NSMutableURLRequest+Category.h */ = {isa = PBXFileReference; fileEncoding = 4; lastKnownFileType = sourcecode.c.h; path = "NSMutableURLRequest+Category.h"; sourceTree = "<group>"; };
		94187AD71493BF7B000F4AD1 /* NSMutableURLRequest+Category.m */ = {isa = PBXFileReference; fileEncoding = 4; lastKnownFileType = sourcecode.c.objc; path = "NSMutableURLRequest+Category.m"; sourceTree = "<group>"; };
		94187AD81493BF7B000F4AD1 /* NSString+QEncoding.h */ = {isa = PBXFileReference; fileEncoding = 4; lastKnownFileType = sourcecode.c.h; path = "NSString+QEncoding.h"; sourceTree = "<group>"; };
		94187AD91493BF7B000F4AD1 /* NSString+QEncoding.m */ = {isa = PBXFileReference; fileEncoding = 4; lastKnownFileType = sourcecode.c.objc; path = "NSString+QEncoding.m"; sourceTree = "<group>"; };
		94187ADA1493BF7B000F4AD1 /* NSURL+QAdditions.h */ = {isa = PBXFileReference; fileEncoding = 4; lastKnownFileType = sourcecode.c.h; path = "NSURL+QAdditions.h"; sourceTree = "<group>"; };
		94187ADB1493BF7B000F4AD1 /* NSURL+QAdditions.m */ = {isa = PBXFileReference; fileEncoding = 4; lastKnownFileType = sourcecode.c.objc; path = "NSURL+QAdditions.m"; sourceTree = "<group>"; };
		94187ADD1493BF7B000F4AD1 /* OAuthURLRequest.h */ = {isa = PBXFileReference; fileEncoding = 4; lastKnownFileType = sourcecode.c.h; path = OAuthURLRequest.h; sourceTree = "<group>"; };
		94187ADE1493BF7B000F4AD1 /* OAuthURLRequest.m */ = {isa = PBXFileReference; fileEncoding = 4; lastKnownFileType = sourcecode.c.objc; path = OAuthURLRequest.m; sourceTree = "<group>"; };
		94187ADF1493BF7B000F4AD1 /* QOAuthSession.h */ = {isa = PBXFileReference; fileEncoding = 4; lastKnownFileType = sourcecode.c.h; path = QOAuthSession.h; sourceTree = "<group>"; };
		94187AE01493BF7B000F4AD1 /* QOAuthSession.m */ = {isa = PBXFileReference; fileEncoding = 4; lastKnownFileType = sourcecode.c.objc; path = QOAuthSession.m; sourceTree = "<group>"; };
		94187AE11493BF7B000F4AD1 /* QWeibo.h */ = {isa = PBXFileReference; fileEncoding = 4; lastKnownFileType = sourcecode.c.h; path = QWeibo.h; sourceTree = "<group>"; };
		94187AE21493BF7B000F4AD1 /* RSimpleConnection.h */ = {isa = PBXFileReference; fileEncoding = 4; lastKnownFileType = sourcecode.c.h; path = RSimpleConnection.h; sourceTree = "<group>"; };
		94187AE31493BF7B000F4AD1 /* RSimpleConnection.m */ = {isa = PBXFileReference; fileEncoding = 4; lastKnownFileType = sourcecode.c.objc; path = RSimpleConnection.m; sourceTree = "<group>"; };
		94187AE41493BF7B000F4AD1 /* WeiboEngine.h */ = {isa = PBXFileReference; fileEncoding = 4; lastKnownFileType = sourcecode.c.h; path = WeiboEngine.h; sourceTree = "<group>"; };
		94187AE51493BF7B000F4AD1 /* WeiboEngine.m */ = {isa = PBXFileReference; fileEncoding = 4; lastKnownFileType = sourcecode.c.objc; path = WeiboEngine.m; sourceTree = "<group>"; };
		941B5902149EE24200E75554 /* main.m */ = {isa = PBXFileReference; fileEncoding = 4; lastKnownFileType = sourcecode.c.objc; path = main.m; sourceTree = "<group>"; };
		941B5BAD149F008800E75554 /* SenTestingKit.framework */ = {isa = PBXFileReference; lastKnownFileType = wrapper.framework; name = SenTestingKit.framework; path = Library/Frameworks/SenTestingKit.framework; sourceTree = DEVELOPER_DIR; };
		941B5BB4149F027500E75554 /* AdiumQWeiboEngine+Helper.h */ = {isa = PBXFileReference; fileEncoding = 4; lastKnownFileType = sourcecode.c.h; path = "AdiumQWeiboEngine+Helper.h"; sourceTree = "<group>"; };
		942FDE4B148CACA7007D8EBE /* AdiumQWeibo.AdiumPlugin */ = {isa = PBXFileReference; explicitFileType = wrapper.cfbundle; includeInIndex = 0; path = AdiumQWeibo.AdiumPlugin; sourceTree = BUILT_PRODUCTS_DIR; };
		942FDE56148CACA7007D8EBE /* AdiumQWeibo-Info.plist */ = {isa = PBXFileReference; lastKnownFileType = text.plist.xml; path = "AdiumQWeibo-Info.plist"; sourceTree = "<group>"; };
		942FDE58148CACA7007D8EBE /* en */ = {isa = PBXFileReference; lastKnownFileType = text.plist.strings; name = en; path = en.lproj/InfoPlist.strings; sourceTree = "<group>"; };
		942FDE5A148CACA7007D8EBE /* AdiumQWeibo-Prefix.pch */ = {isa = PBXFileReference; lastKnownFileType = sourcecode.c.h; path = "AdiumQWeibo-Prefix.pch"; sourceTree = "<group>"; };
		942FDEA5148CB6AB007D8EBE /* Adium.framework */ = {isa = PBXFileReference; lastKnownFileType = wrapper.framework; path = Adium.framework; sourceTree = "<group>"; };
		942FDED2148CBA99007D8EBE /* AIQWeiboAccount.h */ = {isa = PBXFileReference; fileEncoding = 4; lastKnownFileType = sourcecode.c.h; path = AIQWeiboAccount.h; sourceTree = "<group>"; };
		942FDED3148CBA99007D8EBE /* AIQWeiboAccount.m */ = {isa = PBXFileReference; fileEncoding = 4; lastKnownFileType = sourcecode.c.objc; path = AIQWeiboAccount.m; sourceTree = "<group>"; };
		942FDEFD148CC1FC007D8EBE /* AIQWeiboService.h */ = {isa = PBXFileReference; fileEncoding = 4; lastKnownFileType = sourcecode.c.h; path = AIQWeiboService.h; sourceTree = "<group>"; };
		942FDEFE148CC1FC007D8EBE /* AIQWeiboService.m */ = {isa = PBXFileReference; fileEncoding = 4; lastKnownFileType = sourcecode.c.objc; path = AIQWeiboService.m; sourceTree = "<group>"; };
		942FDF00148CC2B6007D8EBE /* AIQWeiboAccountViewController.h */ = {isa = PBXFileReference; fileEncoding = 4; lastKnownFileType = sourcecode.c.h; path = AIQWeiboAccountViewController.h; sourceTree = "<group>"; };
		942FDF01148CC2B6007D8EBE /* AIQWeiboAccountViewController.m */ = {isa = PBXFileReference; fileEncoding = 4; lastKnownFileType = sourcecode.c.objc; path = AIQWeiboAccountViewController.m; sourceTree = "<group>"; };
		942FDF08148CCC43007D8EBE /* qweibo.png */ = {isa = PBXFileReference; lastKnownFileType = image.png; path = qweibo.png; sourceTree = "<group>"; };
		942FDF09148CCC43007D8EBE /* qweibo-small.png */ = {isa = PBXFileReference; lastKnownFileType = image.png; path = "qweibo-small.png"; sourceTree = "<group>"; };
		942FDF0C148CCC8E007D8EBE /* AIUtilities.framework */ = {isa = PBXFileReference; lastKnownFileType = wrapper.framework; path = AIUtilities.framework; sourceTree = "<group>"; };
		9453C8AA14ECC161007ABF7C /* Tweet.h */ = {isa = PBXFileReference; fileEncoding = 4; lastKnownFileType = sourcecode.c.h; path = Tweet.h; sourceTree = "<group>"; };
		9453C8AB14ECC161007ABF7C /* Tweet.m */ = {isa = PBXFileReference; fileEncoding = 4; lastKnownFileType = sourcecode.c.objc; path = Tweet.m; sourceTree = "<group>"; };
		9453C8CB14ECC4EF007ABF7C /* QPerson.h */ = {isa = PBXFileReference; fileEncoding = 4; lastKnownFileType = sourcecode.c.h; path = QPerson.h; sourceTree = "<group>"; };
		9453C8CC14ECC4EF007ABF7C /* QPerson.m */ = {isa = PBXFileReference; fileEncoding = 4; lastKnownFileType = sourcecode.c.objc; path = QPerson.m; sourceTree = "<group>"; };
		946DC1FD14ED66E60099E00E /* QQEmotions.AdiumEmoticonset */ = {isa = PBXFileReference; lastKnownFileType = wrapper; path = QQEmotions.AdiumEmoticonset; sourceTree = "<group>"; };
		94AC0E1914948A5F006F0610 /* NIFLog.h */ = {isa = PBXFileReference; fileEncoding = 4; lastKnownFileType = sourcecode.c.h; path = NIFLog.h; sourceTree = "<group>"; };
		94C2400514DF9FCF00161FAD /* RegexKitLite.h */ = {isa = PBXFileReference; fileEncoding = 4; lastKnownFileType = sourcecode.c.h; path = RegexKitLite.h; sourceTree = "<group>"; };
		94C2400714DF9FCF00161FAD /* RegexKitLite.m */ = {isa = PBXFileReference; fileEncoding = 4; lastKnownFileType = sourcecode.c.objc; path = RegexKitLite.m; sourceTree = "<group>"; };
		94C7FD90149788400000139D /* AppKit.framework */ = {isa = PBXFileReference; lastKnownFileType = wrapper.framework; name = AppKit.framework; path = System/Library/Frameworks/AppKit.framework; sourceTree = SDKROOT; };
		94C7FD92149788400000139D /* Cocoa.framework */ = {isa = PBXFileReference; lastKnownFileType = wrapper.framework; name = Cocoa.framework; path = System/Library/Frameworks/Cocoa.framework; sourceTree = SDKROOT; };
		94C7FD94149788400000139D /* CoreData.framework */ = {isa = PBXFileReference; lastKnownFileType = wrapper.framework; name = CoreData.framework; path = System/Library/Frameworks/CoreData.framework; sourceTree = SDKROOT; };
		94C7FD96149788400000139D /* Foundation.framework */ = {isa = PBXFileReference; lastKnownFileType = wrapper.framework; name = Foundation.framework; path = System/Library/Frameworks/Foundation.framework; sourceTree = SDKROOT; };
		94D03219149DE01300D84221 /* AdiumQWeiboEngine+Helper.h */ = {isa = PBXFileReference; fileEncoding = 4; lastKnownFileType = sourcecode.c.h; path = "AdiumQWeiboEngine+Helper.h"; sourceTree = "<group>"; };
		94D0321A149DE01300D84221 /* AdiumQWeiboEngine+Helper.m */ = {isa = PBXFileReference; fileEncoding = 4; lastKnownFileType = sourcecode.c.objc; path = "AdiumQWeiboEngine+Helper.m"; sourceTree = "<group>"; };
		94D39FB9148D159700D1A141 /* AIQWeiboReplyWindowController.h */ = {isa = PBXFileReference; fileEncoding = 4; lastKnownFileType = sourcecode.c.h; path = AIQWeiboReplyWindowController.h; sourceTree = "<group>"; };
		94D39FBA148D159700D1A141 /* AIQWeiboReplyWindowController.m */ = {isa = PBXFileReference; fileEncoding = 4; lastKnownFileType = sourcecode.c.objc; path = AIQWeiboReplyWindowController.m; sourceTree = "<group>"; };
		94D39FC8148FB97000D1A141 /* AIQWeiboPlugin.h */ = {isa = PBXFileReference; fileEncoding = 4; lastKnownFileType = sourcecode.c.h; path = AIQWeiboPlugin.h; sourceTree = "<group>"; };
		94D39FC9148FB97200D1A141 /* AIQWeiboPlugin.m */ = {isa = PBXFileReference; fileEncoding = 4; lastKnownFileType = sourcecode.c.objc; path = AIQWeiboPlugin.m; sourceTree = "<group>"; };
		94D4D688149CFBEE00DADCC1 /* NSString+Readable.h */ = {isa = PBXFileReference; fileEncoding = 4; lastKnownFileType = sourcecode.c.h; path = "NSString+Readable.h"; sourceTree = "<group>"; };
		94D4D689149CFBEE00DADCC1 /* NSString+Readable.m */ = {isa = PBXFileReference; fileEncoding = 4; lastKnownFileType = sourcecode.c.objc; path = "NSString+Readable.m"; sourceTree = "<group>"; };
		94D4D6F7149DB19D00DADCC1 /* Cocoa.framework */ = {isa = PBXFileReference; lastKnownFileType = wrapper.framework; name = Cocoa.framework; path = System/Library/Frameworks/Cocoa.framework; sourceTree = SDKROOT; };
		94DA773C14990D920057A291 /* JSON.h */ = {isa = PBXFileReference; fileEncoding = 4; lastKnownFileType = sourcecode.c.h; path = JSON.h; sourceTree = "<group>"; };
		94DA773D14990D920057A291 /* NSObject+SBJSON.h */ = {isa = PBXFileReference; fileEncoding = 4; lastKnownFileType = sourcecode.c.h; path = "NSObject+SBJSON.h"; sourceTree = "<group>"; };
		94DA773E14990D920057A291 /* NSObject+SBJSON.m */ = {isa = PBXFileReference; fileEncoding = 4; lastKnownFileType = sourcecode.c.objc; path = "NSObject+SBJSON.m"; sourceTree = "<group>"; };
		94DA773F14990D920057A291 /* NSString+SBJSON.h */ = {isa = PBXFileReference; fileEncoding = 4; lastKnownFileType = sourcecode.c.h; path = "NSString+SBJSON.h"; sourceTree = "<group>"; };
		94DA774014990D920057A291 /* NSString+SBJSON.m */ = {isa = PBXFileReference; fileEncoding = 4; lastKnownFileType = sourcecode.c.objc; path = "NSString+SBJSON.m"; sourceTree = "<group>"; };
		94DA774114990D920057A291 /* SBJSONScanner.h */ = {isa = PBXFileReference; fileEncoding = 4; lastKnownFileType = sourcecode.c.h; path = SBJSONScanner.h; sourceTree = "<group>"; };
		94DA774214990D920057A291 /* SBJSONScanner.m */ = {isa = PBXFileReference; fileEncoding = 4; lastKnownFileType = sourcecode.c.objc; path = SBJSONScanner.m; sourceTree = "<group>"; };
		94DA7746149910EF0057A291 /* NSData+SBJSON.h */ = {isa = PBXFileReference; fileEncoding = 4; lastKnownFileType = sourcecode.c.h; path = "NSData+SBJSON.h"; sourceTree = "<group>"; };
		94DA7747149910EF0057A291 /* NSData+SBJSON.m */ = {isa = PBXFileReference; fileEncoding = 4; lastKnownFileType = sourcecode.c.objc; path = "NSData+SBJSON.m"; sourceTree = "<group>"; };
		94DD0AD51498FE8700399752 /* AdiumQWeiboEngine.h */ = {isa = PBXFileReference; fileEncoding = 4; lastKnownFileType = sourcecode.c.h; path = AdiumQWeiboEngine.h; sourceTree = "<group>"; };
		94DD0AD61498FE8700399752 /* AdiumQWeiboEngine.m */ = {isa = PBXFileReference; fileEncoding = 4; lastKnownFileType = sourcecode.c.objc; path = AdiumQWeiboEngine.m; sourceTree = "<group>"; };
/* End PBXFileReference section */

/* Begin PBXFrameworksBuildPhase section */
		940C0F7714E008ED00DF9D5E /* Frameworks */ = {
			isa = PBXFrameworksBuildPhase;
			buildActionMask = 2147483647;
			files = (
				940C108114E03AED00DF9D5E /* libicucore.dylib in Frameworks */,
				940C0FCF14E00A7100DF9D5E /* SenTestingKit.framework in Frameworks */,
				940C0F7E14E008EE00DF9D5E /* Cocoa.framework in Frameworks */,
			);
			runOnlyForDeploymentPostprocessing = 0;
		};
		942FDE48148CACA7007D8EBE /* Frameworks */ = {
			isa = PBXFrameworksBuildPhase;
			buildActionMask = 2147483647;
			files = (
				940C108014E03AAC00DF9D5E /* libicucore.dylib in Frameworks */,
				942FDEA6148CB6AB007D8EBE /* Adium.framework in Frameworks */,
				942FDF0D148CCC8E007D8EBE /* AIUtilities.framework in Frameworks */,
				94C7FD91149788400000139D /* AppKit.framework in Frameworks */,
				94C7FD93149788400000139D /* Cocoa.framework in Frameworks */,
				94C7FD95149788400000139D /* CoreData.framework in Frameworks */,
				94C7FD97149788400000139D /* Foundation.framework in Frameworks */,
			);
			runOnlyForDeploymentPostprocessing = 0;
		};
/* End PBXFrameworksBuildPhase section */

/* Begin PBXGroup section */
		940C0F7F14E008EE00DF9D5E /* UnitTest */ = {
			isa = PBXGroup;
			children = (
				940C0F8514E008EE00DF9D5E /* UnitTest.h */,
				940C0F8614E008EE00DF9D5E /* UnitTest.m */,
				940C0F8014E008EE00DF9D5E /* Supporting Files */,
			);
			path = UnitTest;
			sourceTree = "<group>";
		};
		940C0F8014E008EE00DF9D5E /* Supporting Files */ = {
			isa = PBXGroup;
			children = (
				940C0F8114E008EE00DF9D5E /* UnitTest-Info.plist */,
				940C0F8214E008EE00DF9D5E /* InfoPlist.strings */,
				940C0F8814E008EE00DF9D5E /* UnitTest-Prefix.pch */,
			);
			name = "Supporting Files";
			sourceTree = "<group>";
		};
		94187AD01493BF7B000F4AD1 /* QWeibo OAuth */ = {
			isa = PBXGroup;
			children = (
				94187AD11493BF7B000F4AD1 /* Cocoa Categories */,
				94187ADC1493BF7B000F4AD1 /* OAuth */,
			);
			name = "QWeibo OAuth";
			path = "Linked Frameworks/QWeibo OAuth";
			sourceTree = "<group>";
		};
		94187AD11493BF7B000F4AD1 /* Cocoa Categories */ = {
			isa = PBXGroup;
			children = (
				94187AD21493BF7B000F4AD1 /* NSData+QBase64.h */,
				94187AD31493BF7B000F4AD1 /* NSData+QBase64.m */,
				94187AD41493BF7B000F4AD1 /* NSDictionary+Response.h */,
				94187AD51493BF7B000F4AD1 /* NSDictionary+Response.m */,
				94D03219149DE01300D84221 /* AdiumQWeiboEngine+Helper.h */,
				94187AD61493BF7B000F4AD1 /* NSMutableURLRequest+Category.h */,
				94187AD71493BF7B000F4AD1 /* NSMutableURLRequest+Category.m */,
				94187AD81493BF7B000F4AD1 /* NSString+QEncoding.h */,
				94187AD91493BF7B000F4AD1 /* NSString+QEncoding.m */,
				94187ADA1493BF7B000F4AD1 /* NSURL+QAdditions.h */,
				94187ADB1493BF7B000F4AD1 /* NSURL+QAdditions.m */,
				94D4D688149CFBEE00DADCC1 /* NSString+Readable.h */,
				94D4D689149CFBEE00DADCC1 /* NSString+Readable.m */,
				941B5BB4149F027500E75554 /* AdiumQWeiboEngine+Helper.h */,
				94D0321A149DE01300D84221 /* AdiumQWeiboEngine+Helper.m */,
			);
			path = "Cocoa Categories";
			sourceTree = "<group>";
		};
		94187ADC1493BF7B000F4AD1 /* OAuth */ = {
			isa = PBXGroup;
			children = (
				94187ADD1493BF7B000F4AD1 /* OAuthURLRequest.h */,
				94187ADE1493BF7B000F4AD1 /* OAuthURLRequest.m */,
				94187ADF1493BF7B000F4AD1 /* QOAuthSession.h */,
				94187AE01493BF7B000F4AD1 /* QOAuthSession.m */,
				94187AE11493BF7B000F4AD1 /* QWeibo.h */,
				94187AE21493BF7B000F4AD1 /* RSimpleConnection.h */,
				94187AE31493BF7B000F4AD1 /* RSimpleConnection.m */,
				94187AE41493BF7B000F4AD1 /* WeiboEngine.h */,
				94187AE51493BF7B000F4AD1 /* WeiboEngine.m */,
				94DD0AD51498FE8700399752 /* AdiumQWeiboEngine.h */,
				94DD0AD61498FE8700399752 /* AdiumQWeiboEngine.m */,
				9453C8AA14ECC161007ABF7C /* Tweet.h */,
				9453C8AB14ECC161007ABF7C /* Tweet.m */,
				9453C8CB14ECC4EF007ABF7C /* QPerson.h */,
				9453C8CC14ECC4EF007ABF7C /* QPerson.m */,
			);
			path = OAuth;
			sourceTree = "<group>";
		};
		941B57F1149ED29C00E75554 /* Resources */ = {
			isa = PBXGroup;
			children = (
				946DC1FD14ED66E60099E00E /* QQEmotions.AdiumEmoticonset */,
			);
			path = Resources;
			sourceTree = "<group>";
		};
		942FDE40148CACA6007D8EBE = {
			isa = PBXGroup;
			children = (
				942FDE54148CACA7007D8EBE /* AdiumQWeibo */,
				940C0F7F14E008EE00DF9D5E /* UnitTest */,
				942FDE4D148CACA7007D8EBE /* Frameworks */,
				942FDE4C148CACA7007D8EBE /* Products */,
			);
			sourceTree = "<group>";
		};
		942FDE4C148CACA7007D8EBE /* Products */ = {
			isa = PBXGroup;
			children = (
				942FDE4B148CACA7007D8EBE /* AdiumQWeibo.AdiumPlugin */,
				940C0F7B14E008ED00DF9D5E /* UnitTest.octest */,
			);
			name = Products;
			sourceTree = "<group>";
		};
		942FDE4D148CACA7007D8EBE /* Frameworks */ = {
			isa = PBXGroup;
			children = (
				942FDEA4148CB69C007D8EBE /* Linked Frameworks */,
				94D4D6F7149DB19D00DADCC1 /* Cocoa.framework */,
				940C0F7C14E008EE00DF9D5E /* SenTestingKit.framework */,
				942FDE50148CACA7007D8EBE /* Other Frameworks */,
			);
			name = Frameworks;
			sourceTree = "<group>";
		};
		942FDE50148CACA7007D8EBE /* Other Frameworks */ = {
			isa = PBXGroup;
			children = (
				94C7FD90149788400000139D /* AppKit.framework */,
				94C7FD92149788400000139D /* Cocoa.framework */,
				94C7FD94149788400000139D /* CoreData.framework */,
				94C7FD96149788400000139D /* Foundation.framework */,
			);
			name = "Other Frameworks";
			sourceTree = "<group>";
		};
		942FDE54148CACA7007D8EBE /* AdiumQWeibo */ = {
			isa = PBXGroup;
			children = (
				94187AD01493BF7B000F4AD1 /* QWeibo OAuth */,
				942FDE55148CACA7007D8EBE /* Supporting Files */,
				94D39FC8148FB97000D1A141 /* AIQWeiboPlugin.h */,
				94D39FC9148FB97200D1A141 /* AIQWeiboPlugin.m */,
				942FDEFD148CC1FC007D8EBE /* AIQWeiboService.h */,
				942FDEFE148CC1FC007D8EBE /* AIQWeiboService.m */,
				942FDED2148CBA99007D8EBE /* AIQWeiboAccount.h */,
				942FDED3148CBA99007D8EBE /* AIQWeiboAccount.m */,
				942FDF00148CC2B6007D8EBE /* AIQWeiboAccountViewController.h */,
				942FDF01148CC2B6007D8EBE /* AIQWeiboAccountViewController.m */,
				94187A881493AD48000F4AD1 /* AIQWeiboAccountView.nib */,
				94D39FB9148D159700D1A141 /* AIQWeiboReplyWindowController.h */,
				94D39FBA148D159700D1A141 /* AIQWeiboReplyWindowController.m */,
				941B57F1149ED29C00E75554 /* Resources */,
			);
			path = AdiumQWeibo;
			sourceTree = "<group>";
		};
		942FDE55148CACA7007D8EBE /* Supporting Files */ = {
			isa = PBXGroup;
			children = (
				94AC0E1914948A5F006F0610 /* NIFLog.h */,
				942FDF08148CCC43007D8EBE /* qweibo.png */,
				942FDF09148CCC43007D8EBE /* qweibo-small.png */,
				942FDE56148CACA7007D8EBE /* AdiumQWeibo-Info.plist */,
				942FDE57148CACA7007D8EBE /* InfoPlist.strings */,
				942FDE5A148CACA7007D8EBE /* AdiumQWeibo-Prefix.pch */,
				941B5902149EE24200E75554 /* main.m */,
			);
			name = "Supporting Files";
			sourceTree = "<group>";
		};
		942FDEA4148CB69C007D8EBE /* Linked Frameworks */ = {
			isa = PBXGroup;
			children = (
				940C107F14E03AAC00DF9D5E /* libicucore.dylib */,
				94C23FFA14DF9FCF00161FAD /* RegexKitLite-4.0 */,
				941B5BAD149F008800E75554 /* SenTestingKit.framework */,
				94DA773B14990D920057A291 /* SBJSON */,
				942FDF0C148CCC8E007D8EBE /* AIUtilities.framework */,
				942FDEA5148CB6AB007D8EBE /* Adium.framework */,
			);
			name = "Linked Frameworks";
			path = "AdiumQWeibo/Linked Frameworks";
			sourceTree = "<group>";
		};
		94C23FFA14DF9FCF00161FAD /* RegexKitLite-4.0 */ = {
			isa = PBXGroup;
			children = (
				94C2400514DF9FCF00161FAD /* RegexKitLite.h */,
				94C2400714DF9FCF00161FAD /* RegexKitLite.m */,
			);
			path = "RegexKitLite-4.0";
			sourceTree = "<group>";
		};
		94DA773B14990D920057A291 /* SBJSON */ = {
			isa = PBXGroup;
			children = (
				94DA773C14990D920057A291 /* JSON.h */,
				94DA773D14990D920057A291 /* NSObject+SBJSON.h */,
				94DA773E14990D920057A291 /* NSObject+SBJSON.m */,
				94DA773F14990D920057A291 /* NSString+SBJSON.h */,
				94DA774014990D920057A291 /* NSString+SBJSON.m */,
				94DA7746149910EF0057A291 /* NSData+SBJSON.h */,
				94DA7747149910EF0057A291 /* NSData+SBJSON.m */,
				94DA774114990D920057A291 /* SBJSONScanner.h */,
				94DA774214990D920057A291 /* SBJSONScanner.m */,
			);
			path = SBJSON;
			sourceTree = "<group>";
		};
/* End PBXGroup section */

/* Begin PBXNativeTarget section */
		940C0F7A14E008ED00DF9D5E /* UnitTest */ = {
			isa = PBXNativeTarget;
			buildConfigurationList = 940C0F8914E008EE00DF9D5E /* Build configuration list for PBXNativeTarget "UnitTest" */;
			buildPhases = (
				940C0F7614E008ED00DF9D5E /* Sources */,
				940C0F7714E008ED00DF9D5E /* Frameworks */,
				940C0F7814E008ED00DF9D5E /* Resources */,
				940C0F7914E008ED00DF9D5E /* ShellScript */,
			);
			buildRules = (
			);
			dependencies = (
				940C0FD114E00A8E00DF9D5E /* PBXTargetDependency */,
			);
			name = UnitTest;
			productName = UnitTest;
			productReference = 940C0F7B14E008ED00DF9D5E /* UnitTest.octest */;
			productType = "com.apple.product-type.bundle";
		};
		942FDE4A148CACA7007D8EBE /* AdiumQWeibo */ = {
			isa = PBXNativeTarget;
			buildConfigurationList = 942FDE5D148CACA7007D8EBE /* Build configuration list for PBXNativeTarget "AdiumQWeibo" */;
			buildPhases = (
				942FDE47148CACA7007D8EBE /* Sources */,
				942FDE48148CACA7007D8EBE /* Frameworks */,
				942FDE49148CACA7007D8EBE /* Resources */,
				94E8495F1494D1FF00B3D8F4 /* ShellScript */,
			);
			buildRules = (
			);
			dependencies = (
			);
			name = AdiumQWeibo;
			productName = AdiumQWeibo;
			productReference = 942FDE4B148CACA7007D8EBE /* AdiumQWeibo.AdiumPlugin */;
			productType = "com.apple.product-type.bundle";
		};
/* End PBXNativeTarget section */

/* Begin PBXProject section */
		942FDE42148CACA6007D8EBE /* Project object */ = {
			isa = PBXProject;
			attributes = {
				LastUpgradeCheck = 0420;
			};
			buildConfigurationList = 942FDE45148CACA6007D8EBE /* Build configuration list for PBXProject "AdiumQWeibo" */;
			compatibilityVersion = "Xcode 3.2";
			developmentRegion = English;
			hasScannedForEncodings = 0;
			knownRegions = (
				en,
			);
			mainGroup = 942FDE40148CACA6007D8EBE;
			productRefGroup = 942FDE4C148CACA7007D8EBE /* Products */;
			projectDirPath = "";
			projectRoot = "";
			targets = (
				942FDE4A148CACA7007D8EBE /* AdiumQWeibo */,
				940C0F7A14E008ED00DF9D5E /* UnitTest */,
			);
		};
/* End PBXProject section */

/* Begin PBXResourcesBuildPhase section */
		940C0F7814E008ED00DF9D5E /* Resources */ = {
			isa = PBXResourcesBuildPhase;
			buildActionMask = 2147483647;
			files = (
				940C0F8414E008EE00DF9D5E /* InfoPlist.strings in Resources */,
			);
			runOnlyForDeploymentPostprocessing = 0;
		};
		942FDE49148CACA7007D8EBE /* Resources */ = {
			isa = PBXResourcesBuildPhase;
			buildActionMask = 2147483647;
			files = (
				942FDE59148CACA7007D8EBE /* InfoPlist.strings in Resources */,
				942FDF0A148CCC43007D8EBE /* qweibo.png in Resources */,
				942FDF0B148CCC43007D8EBE /* qweibo-small.png in Resources */,
				94187A891493AD48000F4AD1 /* AIQWeiboAccountView.nib in Resources */,
				946DC1FE14ED66E60099E00E /* QQEmotions.AdiumEmoticonset in Resources */,
			);
			runOnlyForDeploymentPostprocessing = 0;
		};
/* End PBXResourcesBuildPhase section */

/* Begin PBXShellScriptBuildPhase section */
		940C0F7914E008ED00DF9D5E /* ShellScript */ = {
			isa = PBXShellScriptBuildPhase;
			buildActionMask = 2147483647;
			files = (
			);
			inputPaths = (
			);
			outputPaths = (
			);
			runOnlyForDeploymentPostprocessing = 0;
			shellPath = /bin/sh;
			shellScript = "# Run the unit tests in this test bundle.\necho \"why not execute\"\n\"${SYSTEM_DEVELOPER_DIR}/Tools/RunUnitTests\"\n";
		};
		94E8495F1494D1FF00B3D8F4 /* ShellScript */ = {
			isa = PBXShellScriptBuildPhase;
			buildActionMask = 2147483647;
			files = (
			);
			inputPaths = (
			);
			outputPaths = (
			);
			runOnlyForDeploymentPostprocessing = 0;
			shellPath = /bin/sh;
			shellScript = "\necho \"installing plugin ...\"\nrm -rf $HOME/Library/Application\\ Support/Adium\\ 2.0/Plugins/AdiumQWeibo.AdiumPlugin*\ncp -R $BUILT_PRODUCTS_DIR/AdiumQWeibo.AdiumPlugin $HOME/Library/Application\\ Support/Adium\\ 2.0/Plugins/\necho \"install success!\"\n\n";
			showEnvVarsInLog = 0;
		};
/* End PBXShellScriptBuildPhase section */

/* Begin PBXSourcesBuildPhase section */
		940C0F7614E008ED00DF9D5E /* Sources */ = {
			isa = PBXSourcesBuildPhase;
			buildActionMask = 2147483647;
			files = (
				940C107C14E01E3000DF9D5E /* RegexKitLite.m in Sources */,
				940C0F8714E008EE00DF9D5E /* UnitTest.m in Sources */,
			);
			runOnlyForDeploymentPostprocessing = 0;
		};
		942FDE47148CACA7007D8EBE /* Sources */ = {
			isa = PBXSourcesBuildPhase;
			buildActionMask = 2147483647;
			files = (
				942FDED4148CBA99007D8EBE /* AIQWeiboAccount.m in Sources */,
				942FDEFF148CC1FC007D8EBE /* AIQWeiboService.m in Sources */,
				942FDF02148CC2B6007D8EBE /* AIQWeiboAccountViewController.m in Sources */,
				94D39FBB148D159700D1A141 /* AIQWeiboReplyWindowController.m in Sources */,
				94D39FCA148FB97D00D1A141 /* AIQWeiboPlugin.m in Sources */,
				94187AE61493BF7B000F4AD1 /* NSData+QBase64.m in Sources */,
				94187AE71493BF7B000F4AD1 /* NSDictionary+Response.m in Sources */,
				94187AE81493BF7B000F4AD1 /* NSMutableURLRequest+Category.m in Sources */,
				94187AE91493BF7B000F4AD1 /* NSString+QEncoding.m in Sources */,
				94187AEA1493BF7B000F4AD1 /* NSURL+QAdditions.m in Sources */,
				94187AEB1493BF7B000F4AD1 /* OAuthURLRequest.m in Sources */,
				94187AEC1493BF7B000F4AD1 /* QOAuthSession.m in Sources */,
				94187AED1493BF7B000F4AD1 /* RSimpleConnection.m in Sources */,
				94187AEE1493BF7B000F4AD1 /* WeiboEngine.m in Sources */,
				94DD0AD71498FE8700399752 /* AdiumQWeiboEngine.m in Sources */,
				94DA774314990D920057A291 /* NSObject+SBJSON.m in Sources */,
				94DA774414990D920057A291 /* NSString+SBJSON.m in Sources */,
				94DA774514990D920057A291 /* SBJSONScanner.m in Sources */,
				94DA7748149910EF0057A291 /* NSData+SBJSON.m in Sources */,
				94D4D68A149CFBEF00DADCC1 /* NSString+Readable.m in Sources */,
				94D0321B149DE01300D84221 /* AdiumQWeiboEngine+Helper.m in Sources */,
				941B5903149EE24200E75554 /* main.m in Sources */,
				94C2401114DF9FCF00161FAD /* RegexKitLite.m in Sources */,
				9453C8AC14ECC161007ABF7C /* Tweet.m in Sources */,
				9453C8CD14ECC4EF007ABF7C /* QPerson.m in Sources */,
			);
			runOnlyForDeploymentPostprocessing = 0;
		};
/* End PBXSourcesBuildPhase section */

/* Begin PBXTargetDependency section */
		940C0FD114E00A8E00DF9D5E /* PBXTargetDependency */ = {
			isa = PBXTargetDependency;
			target = 942FDE4A148CACA7007D8EBE /* AdiumQWeibo */;
			targetProxy = 940C0FD014E00A8E00DF9D5E /* PBXContainerItemProxy */;
		};
/* End PBXTargetDependency section */

/* Begin PBXVariantGroup section */
		940C0F8214E008EE00DF9D5E /* InfoPlist.strings */ = {
			isa = PBXVariantGroup;
			children = (
				940C0F8314E008EE00DF9D5E /* en */,
			);
			name = InfoPlist.strings;
			sourceTree = "<group>";
		};
		942FDE57148CACA7007D8EBE /* InfoPlist.strings */ = {
			isa = PBXVariantGroup;
			children = (
				942FDE58148CACA7007D8EBE /* en */,
			);
			name = InfoPlist.strings;
			sourceTree = "<group>";
		};
/* End PBXVariantGroup section */

/* Begin XCBuildConfiguration section */
		940C0F8A14E008EE00DF9D5E /* Debug */ = {
			isa = XCBuildConfiguration;
			buildSettings = {
				ARCHS = "$(ARCHS_STANDARD_64_BIT)";
				FRAMEWORK_SEARCH_PATHS = "$(DEVELOPER_LIBRARY_DIR)/Frameworks";
				GCC_PRECOMPILE_PREFIX_HEADER = YES;
				GCC_PREFIX_HEADER = "UnitTest/UnitTest-Prefix.pch";
				INFOPLIST_FILE = "UnitTest/UnitTest-Info.plist";
				MACOSX_DEPLOYMENT_TARGET = 10.7;
				PRODUCT_NAME = "$(TARGET_NAME)";
				SDKROOT = macosx;
				WRAPPER_EXTENSION = octest;
			};
			name = Debug;
		};
		940C0F8B14E008EE00DF9D5E /* Release */ = {
			isa = XCBuildConfiguration;
			buildSettings = {
				FRAMEWORK_SEARCH_PATHS = "$(DEVELOPER_LIBRARY_DIR)/Frameworks";
				GCC_PRECOMPILE_PREFIX_HEADER = YES;
				GCC_PREFIX_HEADER = "UnitTest/UnitTest-Prefix.pch";
				INFOPLIST_FILE = "UnitTest/UnitTest-Info.plist";
				PRODUCT_NAME = "$(TARGET_NAME)";
				WRAPPER_EXTENSION = octest;
			};
			name = Release;
		};
		942FDE5B148CACA7007D8EBE /* Debug */ = {
			isa = XCBuildConfiguration;
			buildSettings = {
				ALWAYS_SEARCH_USER_PATHS = NO;
				ARCHS = "$(ARCHS_STANDARD_32_64_BIT)";
				COPY_PHASE_STRIP = NO;
				DSTROOT = "";
				GCC_C_LANGUAGE_STANDARD = gnu99;
				GCC_DYNAMIC_NO_PIC = NO;
				GCC_ENABLE_OBJC_EXCEPTIONS = YES;
				GCC_OPTIMIZATION_LEVEL = 0;
				GCC_PREPROCESSOR_DEFINITIONS = (
					"DEBUG=1",
					"$(inherited)",
				);
				GCC_SYMBOLS_PRIVATE_EXTERN = NO;
				GCC_VERSION = com.apple.compilers.llvm.clang.1_0;
				GCC_WARN_64_TO_32_BIT_CONVERSION = YES;
				GCC_WARN_ABOUT_MISSING_PROTOTYPES = YES;
				GCC_WARN_ABOUT_RETURN_TYPE = YES;
				GCC_WARN_UNUSED_VARIABLE = YES;
				INSTALL_PATH = "/Users/ryan/Library/Application Support/Adium 2.0/PlugIns";
				LD_DYLIB_INSTALL_NAME = "";
				MACOSX_DEPLOYMENT_TARGET = 10.6;
				ONLY_ACTIVE_ARCH = YES;
				OTHER_LDFLAGS = (
					"-ObjC",
					"-all_load",
				);
				SDKROOT = macosx10.6;
				STRIP_INSTALLED_PRODUCT = NO;
			};
			name = Debug;
		};
		942FDE5C148CACA7007D8EBE /* Release */ = {
			isa = XCBuildConfiguration;
			buildSettings = {
				ALWAYS_SEARCH_USER_PATHS = NO;
				ARCHS = "$(ARCHS_STANDARD_64_BIT)";
				COPY_PHASE_STRIP = YES;
				DEBUG_INFORMATION_FORMAT = "dwarf-with-dsym";
				DSTROOT = "";
				GCC_C_LANGUAGE_STANDARD = gnu99;
				GCC_ENABLE_OBJC_EXCEPTIONS = YES;
				GCC_PREPROCESSOR_DEFINITIONS = "DEBUG=1";
				GCC_VERSION = com.apple.compilers.llvm.clang.1_0;
				GCC_WARN_64_TO_32_BIT_CONVERSION = YES;
				GCC_WARN_ABOUT_MISSING_PROTOTYPES = YES;
				GCC_WARN_ABOUT_RETURN_TYPE = YES;
				GCC_WARN_UNUSED_VARIABLE = YES;
				INSTALL_PATH = "/Users/ryan/Library/Application Support/Adium 2.0/PlugIns";
				LD_DYLIB_INSTALL_NAME = "";
				MACOSX_DEPLOYMENT_TARGET = 10.7;
				OTHER_LDFLAGS = (
					"-ObjC",
					"-all_load",
				);
				SDKROOT = macosx;
				STRIP_INSTALLED_PRODUCT = NO;
			};
			name = Release;
		};
		942FDE5E148CACA7007D8EBE /* Debug */ = {
			isa = XCBuildConfiguration;
			buildSettings = {
				FRAMEWORK_SEARCH_PATHS = (
					"$(inherited)",
					"\"$(SRCROOT)/AdiumQWeibo/Linked Frameworks\"",
					/Developer/Library/Frameworks,
				);
				GCC_PRECOMPILE_PREFIX_HEADER = YES;
				GCC_PREFIX_HEADER = "AdiumQWeibo/AdiumQWeibo-Prefix.pch";
				INFOPLIST_FILE = "AdiumQWeibo/AdiumQWeibo-Info.plist";
				INSTALL_PATH = "";
				LIBRARY_SEARCH_PATHS = (
					"$(inherited)",
					"\"$(DEVELOPER_DIR)/SDKs/MacOSX10.7.sdk/usr/lib\"",
				);
				MACOSX_DEPLOYMENT_TARGET = 10.6;
				PRODUCT_NAME = "$(TARGET_NAME)";
				WRAPPER_EXTENSION = AdiumPlugin;
			};
			name = Debug;
		};
		942FDE5F148CACA7007D8EBE /* Release */ = {
			isa = XCBuildConfiguration;
			buildSettings = {
				ARCHS = "$(ARCHS_STANDARD_32_64_BIT)";
				FRAMEWORK_SEARCH_PATHS = (
					"$(inherited)",
					"\"$(SRCROOT)/AdiumQWeibo/Linked Frameworks\"",
					/Developer/Library/Frameworks,
				);
				GCC_PRECOMPILE_PREFIX_HEADER = YES;
				GCC_PREFIX_HEADER = "AdiumQWeibo/AdiumQWeibo-Prefix.pch";
				INFOPLIST_FILE = "AdiumQWeibo/AdiumQWeibo-Info.plist";
				INSTALL_PATH = "";
				LIBRARY_SEARCH_PATHS = (
					"$(inherited)",
					"\"$(DEVELOPER_DIR)/SDKs/MacOSX10.7.sdk/usr/lib\"",
				);
				MACOSX_DEPLOYMENT_TARGET = 10.6;
				PRODUCT_NAME = "$(TARGET_NAME)";
				WRAPPER_EXTENSION = AdiumPlugin;
			};
			name = Release;
		};
/* End XCBuildConfiguration section */

/* Begin XCConfigurationList section */
		940C0F8914E008EE00DF9D5E /* Build configuration list for PBXNativeTarget "UnitTest" */ = {
			isa = XCConfigurationList;
			buildConfigurations = (
				940C0F8A14E008EE00DF9D5E /* Debug */,
				940C0F8B14E008EE00DF9D5E /* Release */,
			);
			defaultConfigurationIsVisible = 0;
			defaultConfigurationName = Release;
		};
		942FDE45148CACA6007D8EBE /* Build configuration list for PBXProject "AdiumQWeibo" */ = {
			isa = XCConfigurationList;
			buildConfigurations = (
				942FDE5B148CACA7007D8EBE /* Debug */,
				942FDE5C148CACA7007D8EBE /* Release */,
			);
			defaultConfigurationIsVisible = 0;
			defaultConfigurationName = Release;
		};
		942FDE5D148CACA7007D8EBE /* Build configuration list for PBXNativeTarget "AdiumQWeibo" */ = {
			isa = XCConfigurationList;
			buildConfigurations = (
				942FDE5E148CACA7007D8EBE /* Debug */,
				942FDE5F148CACA7007D8EBE /* Release */,
			);
			defaultConfigurationIsVisible = 0;
			defaultConfigurationName = Release;
		};
/* End XCConfigurationList section */
	};
	rootObject = 942FDE42148CACA6007D8EBE /* Project object */;
}
